
Microsoft Visual Studio Solution File, Format Version 12.00
# Visual Studio 2013
VisualStudioVersion = 12.0.31101.0
MinimumVisualStudioVersion = 10.0.40219.1
Project("{F184B08F-C81C-45F6-A57F-5ABD9991F28F}") = "TheRandomizerWPF", "TheRandomizerWPF\TheRandomizerWPF.vbproj", "{906E7850-26FE-4E64-B79F-6245EA6CDCE6}"
EndProject
Project("{F184B08F-C81C-45F6-A57F-5ABD9991F28F}") = "Grammars", "Grammars\Grammars.vbproj", "{971117FC-AD14-4CD5-9F58-C000EB967E43}"
EndProject
Project("{F184B08F-C81C-45F6-A57F-5ABD9991F28F}") = "Utility", "Utility\Utility.vbproj", "{18A04041-388F-4619-A5CD-04A3653C6916}"
EndProject
Project("{F184B08F-C81C-45F6-A57F-5ABD9991F28F}") = "MRU", "MRU\MRU.vbproj", "{E0B8D276-B588-406F-8DA8-52F18198D33F}"
EndProject
Global
	GlobalSection(SolutionConfigurationPlatforms) = preSolution
		Debug|Any CPU = Debug|Any CPU
		Debug|Mixed Platforms = Debug|Mixed Platforms
		Debug|x64 = Debug|x64
		Debug|x86 = Debug|x86
		Release|Any CPU = Release|Any CPU
		Release|Mixed Platforms = Release|Mixed Platforms
		Release|x64 = Release|x64
		Release|x86 = Release|x86
	EndGlobalSection
	GlobalSection(ProjectConfigurationPlatforms) = postSolution
		{906E7850-26FE-4E64-B79F-6245EA6CDCE6}.Debug|Any CPU.ActiveCfg = Debug|Any CPU
		{906E7850-26FE-4E64-B79F-6245EA6CDCE6}.Debug|Any CPU.Build.0 = Debug|Any CPU
		{906E7850-26FE-4E64-B79F-6245EA6CDCE6}.Debug|Mixed Platforms.ActiveCfg = Debug|x86
		{906E7850-26FE-4E64-B79F-6245EA6CDCE6}.Debug|Mixed Platforms.Build.0 = Debug|x86
		{906E7850-26FE-4E64-B79F-6245EA6CDCE6}.Debug|x64.ActiveCfg = Debug|x64
		{906E7850-26FE-4E64-B79F-6245EA6CDCE6}.Debug|x64.Build.0 = Debug|x64
		{906E7850-26FE-4E64-B79F-6245EA6CDCE6}.Debug|x86.ActiveCfg = Debug|x86
		{906E7850-26FE-4E64-B79F-6245EA6CDCE6}.Debug|x86.Build.0 = Debug|x86
		{906E7850-26FE-4E64-B79F-6245EA6CDCE6}.Release|Any CPU.ActiveCfg = Release|Any CPU
		{906E7850-26FE-4E64-B79F-6245EA6CDCE6}.Release|Any CPU.Build.0 = Release|Any CPU
		{906E7850-26FE-4E64-B79F-6245EA6CDCE6}.Release|Mixed Platforms.ActiveCfg = Release|x86
		{906E7850-26FE-4E64-B79F-6245EA6CDCE6}.Release|Mixed Platforms.Build.0 = Release|x86
		{906E7850-26FE-4E64-B79F-6245EA6CDCE6}.Release|x64.ActiveCfg = Release|x64
		{906E7850-26FE-4E64-B79F-6245EA6CDCE6}.Release|x64.Build.0 = Release|x64
		{906E7850-26FE-4E64-B79F-6245EA6CDCE6}.Release|x86.ActiveCfg = Release|x86
		{906E7850-26FE-4E64-B79F-6245EA6CDCE6}.Release|x86.Build.0 = Release|x86
		{971117FC-AD14-4CD5-9F58-C000EB967E43}.Debug|Any CPU.ActiveCfg = Debug|Any CPU
		{971117FC-AD14-4CD5-9F58-C000EB967E43}.Debug|Any CPU.Build.0 = Debug|Any CPU
		{971117FC-AD14-4CD5-9F58-C000EB967E43}.Debug|Mixed Platforms.ActiveCfg = Debug|x86
		{971117FC-AD14-4CD5-9F58-C000EB967E43}.Debug|Mixed Platforms.Build.0 = Debug|x86
		{971117FC-AD14-4CD5-9F58-C000EB967E43}.Debug|x64.ActiveCfg = Debug|x64
		{971117FC-AD14-4CD5-9F58-C000EB967E43}.Debug|x64.Build.0 = Debug|x64
		{971117FC-AD14-4CD5-9F58-C000EB967E43}.Debug|x86.ActiveCfg = Debug|x86
		{971117FC-AD14-4CD5-9F58-C000EB967E43}.Debug|x86.Build.0 = Debug|x86
		{971117FC-AD14-4CD5-9F58-C000EB967E43}.Release|Any CPU.ActiveCfg = Release|Any CPU
		{971117FC-AD14-4CD5-9F58-C000EB967E43}.Release|Any CPU.Build.0 = Release|Any CPU
		{971117FC-AD14-4CD5-9F58-C000EB967E43}.Release|Mixed Platforms.ActiveCfg = Release|x86
		{971117FC-AD14-4CD5-9F58-C000EB967E43}.Release|Mixed Platforms.Build.0 = Release|x86
		{971117FC-AD14-4CD5-9F58-C000EB967E43}.Release|x64.ActiveCfg = Release|x64
		{971117FC-AD14-4CD5-9F58-C000EB967E43}.Release|x64.Build.0 = Release|x64
		{971117FC-AD14-4CD5-9F58-C000EB967E43}.Release|x86.ActiveCfg = Release|x86
		{971117FC-AD14-4CD5-9F58-C000EB967E43}.Release|x86.Build.0 = Release|x86
		{18A04041-388F-4619-A5CD-04A3653C6916}.Debug|Any CPU.ActiveCfg = Debug|Any CPU
		{18A04041-388F-4619-A5CD-04A3653C6916}.Debug|Any CPU.Build.0 = Debug|Any CPU
		{18A04041-388F-4619-A5CD-04A3653C6916}.Debug|Mixed Platforms.ActiveCfg = Debug|x86
		{18A04041-388F-4619-A5CD-04A3653C6916}.Debug|Mixed Platforms.Build.0 = Debug|x86
		{18A04041-388F-4619-A5CD-04A3653C6916}.Debug|x64.ActiveCfg = Debug|x64
		{18A04041-388F-4619-A5CD-04A3653C6916}.Debug|x64.Build.0 = Debug|x64
		{18A04041-388F-4619-A5CD-04A3653C6916}.Debug|x86.ActiveCfg = Debug|x86
		{18A04041-388F-4619-A5CD-04A3653C6916}.Debug|x86.Build.0 = Debug|x86
		{18A04041-388F-4619-A5CD-04A3653C6916}.Release|Any CPU.ActiveCfg = Release|Any CPU
		{18A04041-388F-4619-A5CD-04A3653C6916}.Release|Any CPU.Build.0 = Release|Any CPU
		{18A04041-388F-4619-A5CD-04A3653C6916}.Release|Mixed Platforms.ActiveCfg = Release|x86
		{18A04041-388F-4619-A5CD-04A3653C6916}.Release|Mixed Platforms.Build.0 = Release|x86
		{18A04041-388F-4619-A5CD-04A3653C6916}.Release|x64.ActiveCfg = Release|x64
		{18A04041-388F-4619-A5CD-04A3653C6916}.Release|x64.Build.0 = Release|x64
		{18A04041-388F-4619-A5CD-04A3653C6916}.Release|x86.ActiveCfg = Release|x86
		{18A04041-388F-4619-A5CD-04A3653C6916}.Release|x86.Build.0 = Release|x86
		{E0B8D276-B588-406F-8DA8-52F18198D33F}.Debug|Any CPU.ActiveCfg = Debug|Any CPU
		{E0B8D276-B588-406F-8DA8-52F18198D33F}.Debug|Any CPU.Build.0 = Debug|Any CPU
		{E0B8D276-B588-406F-8DA8-52F18198D33F}.Debug|Mixed Platforms.ActiveCfg = Debug|x86
		{E0B8D276-B588-406F-8DA8-52F18198D33F}.Debug|Mixed Platforms.Build.0 = Debug|x86
		{E0B8D276-B588-406F-8DA8-52F18198D33F}.Debug|x64.ActiveCfg = Debug|x64
		{E0B8D276-B588-406F-8DA8-52F18198D33F}.Debug|x64.Build.0 = Debug|x64
		{E0B8D276-B588-406F-8DA8-52F18198D33F}.Debug|x86.ActiveCfg = Debug|x86
		{E0B8D276-B588-406F-8DA8-52F18198D33F}.Debug|x86.Build.0 = Debug|x86
		{E0B8D276-B588-406F-8DA8-52F18198D33F}.Release|Any CPU.ActiveCfg = Release|Any CPU
		{E0B8D276-B588-406F-8DA8-52F18198D33F}.Release|Any CPU.Build.0 = Release|Any CPU
		{E0B8D276-B588-406F-8DA8-52F18198D33F}.Release|Mixed Platforms.ActiveCfg = Release|x86
		{E0B8D276-B588-406F-8DA8-52F18198D33F}.Release|Mixed Platforms.Build.0 = Release|x86
		{E0B8D276-B588-406F-8DA8-52F18198D33F}.Release|x64.ActiveCfg = Release|x64
		{E0B8D276-B588-406F-8DA8-52F18198D33F}.Release|x64.Build.0 = Release|x64
		{E0B8D276-B588-406F-8DA8-52F18198D33F}.Release|x86.ActiveCfg = Release|x86
		{E0B8D276-B588-406F-8DA8-52F18198D33F}.Release|x86.Build.0 = Release|x86
	EndGlobalSection
	GlobalSection(SolutionProperties) = preSolution
		HideSolutionNode = FALSE
	EndGlobalSection
EndGlobal
